
Microsoft Visual Studio Solution File, Format Version 12.00
# Visual Studio Version 16
VisualStudioVersion = 16.0.34114.132
MinimumVisualStudioVersion = 10.0.40219.1
Project("{FAE04EC0-301F-11D3-BF4B-00C04F79EFBC}") = "LambdaExpression", "LambdaExpression.csproj", "{D080ACCB-4D25-4357-8A37-685023AC99CA}"
EndProject
Global
	GlobalSection(SolutionConfigurationPlatforms) = preSolution
		Debug|Any CPU = Debug|Any CPU
		Release|Any CPU = Release|Any CPU
	EndGlobalSection
	GlobalSection(ProjectConfigurationPlatforms) = postSolution
		{D080ACCB-4D25-4357-8A37-685023AC99CA}.Debug|Any CPU.ActiveCfg = Debug|Any CPU
		{D080ACCB-4D25-4357-8A37-685023AC99CA}.Debug|Any CPU.Build.0 = Debug|Any CPU
		{D080ACCB-4D25-4357-8A37-685023AC99CA}.Release|Any CPU.ActiveCfg = Release|Any CPU
		{D080ACCB-4D25-4357-8A37-685023AC99CA}.Release|Any CPU.Build.0 = Release|Any CPU
	EndGlobalSection
	GlobalSection(SolutionProperties) = preSolution
		HideSolutionNode = FALSE
	EndGlobalSection
	GlobalSection(ExtensibilityGlobals) = postSolution
		SolutionGuid = {8EDD5D5B-624E-4287-8DFA-C24D15CFBC03}
	EndGlobalSection
EndGlobal
