
Microsoft Visual Studio Solution File, Format Version 12.00
# Visual Studio Version 16
VisualStudioVersion = 16.0.34114.132
MinimumVisualStudioVersion = 10.0.40219.1
Project("{FAE04EC0-301F-11D3-BF4B-00C04F79EFBC}") = "DbDemo", "DbDemo.csproj", "{C6BD9E10-0A83-42DD-BDB0-B28BD8D94736}"
EndProject
Global
	GlobalSection(SolutionConfigurationPlatforms) = preSolution
		Debug|Any CPU = Debug|Any CPU
		Release|Any CPU = Release|Any CPU
	EndGlobalSection
	GlobalSection(ProjectConfigurationPlatforms) = postSolution
		{C6BD9E10-0A83-42DD-BDB0-B28BD8D94736}.Debug|Any CPU.ActiveCfg = Debug|Any CPU
		{C6BD9E10-0A83-42DD-BDB0-B28BD8D94736}.Debug|Any CPU.Build.0 = Debug|Any CPU
		{C6BD9E10-0A83-42DD-BDB0-B28BD8D94736}.Release|Any CPU.ActiveCfg = Release|Any CPU
		{C6BD9E10-0A83-42DD-BDB0-B28BD8D94736}.Release|Any CPU.Build.0 = Release|Any CPU
	EndGlobalSection
	GlobalSection(SolutionProperties) = preSolution
		HideSolutionNode = FALSE
	EndGlobalSection
	GlobalSection(ExtensibilityGlobals) = postSolution
		SolutionGuid = {CD1AC60F-90F2-423D-912D-5D95791F1AB3}
	EndGlobalSection
EndGlobal
